
Microsoft Visual Studio Solution File, Format Version 12.00
# Visual Studio Version 17
VisualStudioVersion = 17.12.35506.116
MinimumVisualStudioVersion = 10.0.40219.1
Project("{FAE04EC0-301F-11D3-BF4B-00C04F79EFBC}") = "GithubLibrariesUploader", "GithubLibrariesUploader\GithubLibrariesUploader.csproj", "{7E5AE8D4-F453-4AD8-9749-E57DBD3248CD}"
EndProject
Project("{2150E333-8FDC-42A3-9474-1A3956D46DE8}") = "Korn", "Korn", "{AF25134F-C4E7-41B7-B20B-51E56D26E930}"
EndProject
Project("{FAE04EC0-301F-11D3-BF4B-00C04F79EFBC}") = "Korn.Interface", "..\Korn.Interface\Korn.Interface\Korn.Interface.csproj", "{2EE81A6F-A7E5-41C8-BA11-E3E1E0AA15CE}"
EndProject
Project("{FAE04EC0-301F-11D3-BF4B-00C04F79EFBC}") = "Korn.Logger", "..\Korn.Logger\Korn.Logger\Korn.Logger.csproj", "{83638D38-4CCD-4A76-85FE-A22984AA0C6A}"
EndProject
Project("{FAE04EC0-301F-11D3-BF4B-00C04F79EFBC}") = "Korn.Shared", "..\Korn.Shared\Korn.Shared\Korn.Shared.csproj", "{EB27BCAD-FDEA-4A64-B6D4-5343E47D5C43}"
EndProject
Project("{FAE04EC0-301F-11D3-BF4B-00C04F79EFBC}") = "Korn.Utils.GithubExplorer", "..\Korn.Utils.GithubExplorer\Korn.Utils.GithubExplorer\Korn.Utils.GithubExplorer.csproj", "{49C764BF-D229-4AB4-A6FA-F766E59C1AB4}"
EndProject
Project("{FAE04EC0-301F-11D3-BF4B-00C04F79EFBC}") = "Korn.Utils.System", "..\Korn.Utils.System\Korn.Utils.System\Korn.Utils.System.csproj", "{4DC0540C-417C-49D7-8AD0-DC17F407D8AE}"
EndProject
Project("{FAE04EC0-301F-11D3-BF4B-00C04F79EFBC}") = "Korn.Shared.Internal", "..\Korn.Shared.Internal\Korn.Shared.Internal\Korn.Shared.Internal.csproj", "{F6C7279C-B3D1-4936-85DB-230808AD18FF}"
EndProject
Global
	GlobalSection(SolutionConfigurationPlatforms) = preSolution
		Debug|x64 = Debug|x64
		Release|x64 = Release|x64
	EndGlobalSection
	GlobalSection(ProjectConfigurationPlatforms) = postSolution
		{7E5AE8D4-F453-4AD8-9749-E57DBD3248CD}.Debug|x64.ActiveCfg = Debug|x64
		{7E5AE8D4-F453-4AD8-9749-E57DBD3248CD}.Debug|x64.Build.0 = Debug|x64
		{7E5AE8D4-F453-4AD8-9749-E57DBD3248CD}.Release|x64.ActiveCfg = Release|x64
		{7E5AE8D4-F453-4AD8-9749-E57DBD3248CD}.Release|x64.Build.0 = Release|x64
		{2EE81A6F-A7E5-41C8-BA11-E3E1E0AA15CE}.Debug|x64.ActiveCfg = Debug|x64
		{2EE81A6F-A7E5-41C8-BA11-E3E1E0AA15CE}.Debug|x64.Build.0 = Debug|x64
		{2EE81A6F-A7E5-41C8-BA11-E3E1E0AA15CE}.Release|x64.ActiveCfg = Release|x64
		{2EE81A6F-A7E5-41C8-BA11-E3E1E0AA15CE}.Release|x64.Build.0 = Release|x64
		{83638D38-4CCD-4A76-85FE-A22984AA0C6A}.Debug|x64.ActiveCfg = Debug|x64
		{83638D38-4CCD-4A76-85FE-A22984AA0C6A}.Debug|x64.Build.0 = Debug|x64
		{83638D38-4CCD-4A76-85FE-A22984AA0C6A}.Release|x64.ActiveCfg = Release|x64
		{83638D38-4CCD-4A76-85FE-A22984AA0C6A}.Release|x64.Build.0 = Release|x64
		{EB27BCAD-FDEA-4A64-B6D4-5343E47D5C43}.Debug|x64.ActiveCfg = Debug|x64
		{EB27BCAD-FDEA-4A64-B6D4-5343E47D5C43}.Debug|x64.Build.0 = Debug|x64
		{EB27BCAD-FDEA-4A64-B6D4-5343E47D5C43}.Release|x64.ActiveCfg = Release|x64
		{EB27BCAD-FDEA-4A64-B6D4-5343E47D5C43}.Release|x64.Build.0 = Release|x64
		{49C764BF-D229-4AB4-A6FA-F766E59C1AB4}.Debug|x64.ActiveCfg = Debug|x64
		{49C764BF-D229-4AB4-A6FA-F766E59C1AB4}.Debug|x64.Build.0 = Debug|x64
		{49C764BF-D229-4AB4-A6FA-F766E59C1AB4}.Release|x64.ActiveCfg = Release|x64
		{49C764BF-D229-4AB4-A6FA-F766E59C1AB4}.Release|x64.Build.0 = Release|x64
		{4DC0540C-417C-49D7-8AD0-DC17F407D8AE}.Debug|x64.ActiveCfg = Debug|x64
		{4DC0540C-417C-49D7-8AD0-DC17F407D8AE}.Debug|x64.Build.0 = Debug|x64
		{4DC0540C-417C-49D7-8AD0-DC17F407D8AE}.Release|x64.ActiveCfg = Release|x64
		{4DC0540C-417C-49D7-8AD0-DC17F407D8AE}.Release|x64.Build.0 = Release|x64
		{F6C7279C-B3D1-4936-85DB-230808AD18FF}.Debug|x64.ActiveCfg = Debug|x64
		{F6C7279C-B3D1-4936-85DB-230808AD18FF}.Debug|x64.Build.0 = Debug|x64
		{F6C7279C-B3D1-4936-85DB-230808AD18FF}.Release|x64.ActiveCfg = Release|x64
		{F6C7279C-B3D1-4936-85DB-230808AD18FF}.Release|x64.Build.0 = Release|x64
	EndGlobalSection
	GlobalSection(SolutionProperties) = preSolution
		HideSolutionNode = FALSE
	EndGlobalSection
	GlobalSection(NestedProjects) = preSolution
		{2EE81A6F-A7E5-41C8-BA11-E3E1E0AA15CE} = {AF25134F-C4E7-41B7-B20B-51E56D26E930}
		{83638D38-4CCD-4A76-85FE-A22984AA0C6A} = {AF25134F-C4E7-41B7-B20B-51E56D26E930}
		{EB27BCAD-FDEA-4A64-B6D4-5343E47D5C43} = {AF25134F-C4E7-41B7-B20B-51E56D26E930}
		{49C764BF-D229-4AB4-A6FA-F766E59C1AB4} = {AF25134F-C4E7-41B7-B20B-51E56D26E930}
		{4DC0540C-417C-49D7-8AD0-DC17F407D8AE} = {AF25134F-C4E7-41B7-B20B-51E56D26E930}
		{F6C7279C-B3D1-4936-85DB-230808AD18FF} = {AF25134F-C4E7-41B7-B20B-51E56D26E930}
	EndGlobalSection
EndGlobal
